
Microsoft Visual Studio Solution File, Format Version 12.00
# Visual Studio 15
VisualStudioVersion = 15.0.27004.2002
MinimumVisualStudioVersion = 10.0.40219.1
Project("{9A19103F-16F7-4668-BE54-9A1E7A4F7556}") = "Lathorva.Common.Repository.EntityFramework", "Lathorva.Common.Repository.EntityFramework\Lathorva.Common.Repository.EntityFramework.csproj", "{CBAA7708-B5CD-4C17-954D-F07B65F51823}"
EndProject
Global
	GlobalSection(SolutionConfigurationPlatforms) = preSolution
		Debug|Any CPU = Debug|Any CPU
		Release|Any CPU = Release|Any CPU
	EndGlobalSection
	GlobalSection(ProjectConfigurationPlatforms) = postSolution
		{CBAA7708-B5CD-4C17-954D-F07B65F51823}.Debug|Any CPU.ActiveCfg = Debug|Any CPU
		{CBAA7708-B5CD-4C17-954D-F07B65F51823}.Debug|Any CPU.Build.0 = Debug|Any CPU
		{CBAA7708-B5CD-4C17-954D-F07B65F51823}.Release|Any CPU.ActiveCfg = Release|Any CPU
		{CBAA7708-B5CD-4C17-954D-F07B65F51823}.Release|Any CPU.Build.0 = Release|Any CPU
	EndGlobalSection
	GlobalSection(SolutionProperties) = preSolution
		HideSolutionNode = FALSE
	EndGlobalSection
	GlobalSection(ExtensibilityGlobals) = postSolution
		SolutionGuid = {B87FA9EB-1024-4458-997D-1E39B3703AAB}
	EndGlobalSection
EndGlobal
